
Microsoft Visual Studio Solution File, Format Version 12.00
# Visual Studio Version 17
VisualStudioVersion = 17.10.34707.107
MinimumVisualStudioVersion = 10.0.40219.1
Project("{FAE04EC0-301F-11D3-BF4B-00C04F79EFBC}") = "Money Converter", "Money Converter\Money Converter.csproj", "{D6AE031E-90BB-4DC5-BD6F-5838D242A319}"
EndProject
Global
	GlobalSection(SolutionConfigurationPlatforms) = preSolution
		Debug|Any CPU = Debug|Any CPU
		Release|Any CPU = Release|Any CPU
	EndGlobalSection
	GlobalSection(ProjectConfigurationPlatforms) = postSolution
		{D6AE031E-90BB-4DC5-BD6F-5838D242A319}.Debug|Any CPU.ActiveCfg = Debug|Any CPU
		{D6AE031E-90BB-4DC5-BD6F-5838D242A319}.Debug|Any CPU.Build.0 = Debug|Any CPU
		{D6AE031E-90BB-4DC5-BD6F-5838D242A319}.Release|Any CPU.ActiveCfg = Release|Any CPU
		{D6AE031E-90BB-4DC5-BD6F-5838D242A319}.Release|Any CPU.Build.0 = Release|Any CPU
	EndGlobalSection
	GlobalSection(SolutionProperties) = preSolution
		HideSolutionNode = FALSE
	EndGlobalSection
	GlobalSection(ExtensibilityGlobals) = postSolution
		SolutionGuid = {876274AB-4ACA-4EB9-AA8D-30191D4186E6}
	EndGlobalSection
EndGlobal
